
Microsoft Visual Studio Solution File, Format Version 12.00
# Visual Studio Version 17
VisualStudioVersion = 17.1.32414.318
MinimumVisualStudioVersion = 10.0.40219.1
Project("{FAE04EC0-301F-11D3-BF4B-00C04F79EFBC}") = "RecipeWebsite", "RecipeWebsite.csproj", "{C49DC5A1-FC2C-47BD-BD2E-7FD7BC3A0AB0}"
EndProject
Global
	GlobalSection(SolutionConfigurationPlatforms) = preSolution
		Debug|Any CPU = Debug|Any CPU
		Release|Any CPU = Release|Any CPU
	EndGlobalSection
	GlobalSection(ProjectConfigurationPlatforms) = postSolution
		{C49DC5A1-FC2C-47BD-BD2E-7FD7BC3A0AB0}.Debug|Any CPU.ActiveCfg = Debug|Any CPU
		{C49DC5A1-FC2C-47BD-BD2E-7FD7BC3A0AB0}.Debug|Any CPU.Build.0 = Debug|Any CPU
		{C49DC5A1-FC2C-47BD-BD2E-7FD7BC3A0AB0}.Release|Any CPU.ActiveCfg = Release|Any CPU
		{C49DC5A1-FC2C-47BD-BD2E-7FD7BC3A0AB0}.Release|Any CPU.Build.0 = Release|Any CPU
	EndGlobalSection
	GlobalSection(SolutionProperties) = preSolution
		HideSolutionNode = FALSE
	EndGlobalSection
	GlobalSection(ExtensibilityGlobals) = postSolution
		SolutionGuid = {D1461008-2E02-446F-8FDC-F95AE095B1C3}
	EndGlobalSection
EndGlobal
